lockfileVersion: '9.0'

settings:
  autoInstallPeers: true
  excludeLinksFromLockfile: false

importers:

  .:
    dependencies:
      '@citation-js/core':
        specifier: ^0.9.0
        version: 0.9.0
      '@citation-js/plugin-bibtex':
        specifier: ^0.9.0
        version: 0.9.0(@citation-js/core@0.9.0)
      '@citation-js/plugin-csl':
        specifier: ^0.9.0
        version: 0.9.0(@citation-js/core@0.9.0)
    devDependencies:
      '@types/node':
        specifier: ^26.6.2
        version: 26.6.2

packages:

  '@citation-js/core@0.9.0':
    resolution: {integrity: sha512-IIIfDFirx8B7eYiYIg412If3WVJAefJUS7IsAnkW3YSuThHK4fW9Ibog6wCqmT6pfXW1VM9wfGPFvO2J5k859A==}
    engines: {node: '>=22.12.0'}

  '@citation-js/date@0.5.1':
    resolution: {integrity: sha512-1iDKAZ4ie48PVhovsOXQ+C6o55dWJloXqtznnnKy6CltJBQLIuLLuUqa8zlIvma0ZigjVjgDUhnVaNU1MErtZw==}
    engines: {node: '>=10.0.0'}

  '@citation-js/name@0.4.2':
    resolution: {integrity: sha512-brSPsjs2fOVzSnARLKu0qncn6suWjHVQtrqSUrnqyaRH95r/Ad4wPF5EsoWr+Dx8HzkCGb/ogmoAzfCsqlTwTQ==}
    engines: {node: '>=6'}

  '@citation-js/plugin-bibtex@0.9.0':
    resolution: {integrity: sha512-9n8EVP/kq+v7VuoWVI+p8SRE3KikQYd2c78NSRq9btC4b3XzuBA3qFI3uF6xyxbNLPtY7+Y4BQDayta2yrl1zQ==}
    engines: {node: '>=22.12.0'}
    peerDependencies:
      '@citation-js/core': ^0.9.0

  '@citation-js/plugin-csl@0.9.0':
    resolution: {integrity: sha512-P0uxGr/rE9LaT5mY0T+Xh6JqDc+rdA7U3HDR/tLkiJ1ITRszQVhV9wBaOLc7vwCD+vuwh+m0Bha13hlgZEB7Ng==}
    engines: {node: '>=22.12.0'}
    peerDependencies:
      '@citation-js/core': ^0.9.0

  '@types/node@26.6.2':
    resolution: {integrity: sha512-X1P21scMv4zGKLYqjdGjaKa7COa0RKVYYZZN/NfvLQ1JegxFhdhpZG/Lyn8AXx6CDUavKAd11v6BvfpkDByK8g==}

  citeproc@2.4.63:
    resolution: {integrity: sha512-68F95Bp4UbgZU/DBUGQn0qV3HDZLCdI9+Bb2ByrTaNJDL5VEm9LqaiNaxljsvoaExSLEXe1/r6n2Z06SCzW3/Q==}

  moo@0.5.3:
    resolution: {integrity: sha512-m2fmM2dDm7GZQsY7KK2cme8agi+AAljILjQnof7p1ZMDe6dQ4bdnSMx0cPppudoeNv5hEFQirN6u+O4fDE0IWA==}

  sync-fetch-undici@0.7.1:
    resolution: {integrity: sha512-t/rJBTRr3/WCs/04MnLStgGGFac1Ge6WDugNxO+KoMqtfmWENMPJbtAmGqIWnwsXi+B7Uh0P0ea2QRkKIZTIPg==}
    engines: {node: '>=22.12.0'}

  undici-types@8.9.0:
    resolution: {integrity: sha512-KTDyRTYX8sWmKXAikPHHSyc63CRPETMctyjKFupcC6OBLXT3xsN0e9aF7m+mIXutFWpUXuedtowG7iLOzp0kQg==}

  whatwg-mimetype@5.0.0:
    resolution: {integrity: sha512-sXcNcHOC51uPGF0P/D4NVtrkjSU2fNsm9iog4ZvZJsL3rjoDAzXZhkm2MWt1y+PUdggKAYVoMAIYcs78wJ51Cw==}
    engines: {node: '>=20'}

snapshots:

  '@citation-js/core@0.9.0':
    dependencies:
      '@citation-js/date': 0.5.1
      '@citation-js/name': 0.4.2
      sync-fetch-undici: 0.7.1

  '@citation-js/date@0.5.1': {}

  '@citation-js/name@0.4.2': {}

  '@citation-js/plugin-bibtex@0.9.0(@citation-js/core@0.9.0)':
    dependencies:
      '@citation-js/core': 0.9.0
      '@citation-js/date': 0.5.1
      '@citation-js/name': 0.4.2
      moo: 0.5.3

  '@citation-js/plugin-csl@0.9.0(@citation-js/core@0.9.0)':
    dependencies:
      '@citation-js/core': 0.9.0
      '@citation-js/date': 0.5.1
      citeproc: 2.4.63

  '@types/node@26.6.2':
    dependencies:
      undici-types: 8.9.0

  citeproc@2.4.63: {}

  moo@0.5.3: {}

  sync-fetch-undici@0.7.1:
    dependencies:
      whatwg-mimetype: 5.0.0

  undici-types@8.9.0: {}

  whatwg-mimetype@5.0.0: {}
